{
  "name": "testproject",
  "lockfileVersion": 2,
  "requires": true,
  "packages": {
    "": {
      "name": "testproject",
      "dependencies": {
        "froala-editor-yq": "^2.7.61",
        "rails-ujs": "^5.2.8-1"
      }
    },
    "node_modules/font-awesome": {
      "version": "4.7.0",
      "resolved": "https://registry.npmjs.org/font-awesome/-/font-awesome-4.7.0.tgz",
      "integrity": "sha512-U6kGnykA/6bFmg1M/oT9EkFeIYv7JlX3bozwQJWiiLz6L0w3F5vBVPxHlwyX/vtNq1ckcpRKOB9f2Qal/VtFpg==",
      "engines": {
        "node": ">=0.10.3"
      }
    },
    "node_modules/froala-editor-yq": {
      "version": "2.7.61",
      "resolved": "https://registry.npmjs.org/froala-editor-yq/-/froala-editor-yq-2.7.61.tgz",
      "integrity": "sha512-AudK6uVaRBZ9DkQEQgqa4PtbTHsqmpBgTHvjjgEkMnjY8xWyMAP8VucE7kjbWJwt58GK+XjJEeuTHWli8giY1A==",
      "dependencies": {
        "font-awesome": ">=4.4.0",
        "jquery": ">=1.11.0"
      }
    },
    "node_modules/jquery": {
      "version": "3.6.0",
      "resolved": "https://registry.npmjs.org/jquery/-/jquery-3.6.0.tgz",
      "integrity": "sha512-JVzAR/AjBvVt2BmYhxRCSYysDsPcssdmTFnzyLEts9qNwmjmu4JTAMYubEfwVOSwpQ1I1sKKFcxhZCI2buerfw=="
    },
    "node_modules/rails-ujs": {
      "version": "5.2.8-1",
      "resolved": "https://registry.npmjs.org/rails-ujs/-/rails-ujs-5.2.8-1.tgz",
      "integrity": "sha512-1Xfgv21r3Ira7sgepnvLD546q8hm/uIokK7Ocoi4uLsXkT0HHg8vJaxKfBqbjdb24YeOGBily+jxfcAle7dMWA==",
      "license": "MIT"
    }
  },
  "dependencies": {
    "font-awesome": {
      "version": "4.7.0",
      "resolved": "https://registry.npmjs.org/font-awesome/-/font-awesome-4.7.0.tgz",
      "integrity": "sha512-U6kGnykA/6bFmg1M/oT9EkFeIYv7JlX3bozwQJWiiLz6L0w3F5vBVPxHlwyX/vtNq1ckcpRKOB9f2Qal/VtFpg=="
    },
    "froala-editor-yq": {
      "version": "2.7.61",
      "resolved": "https://registry.npmjs.org/froala-editor-yq/-/froala-editor-yq-2.7.61.tgz",
      "integrity": "sha512-AudK6uVaRBZ9DkQEQgqa4PtbTHsqmpBgTHvjjgEkMnjY8xWyMAP8VucE7kjbWJwt58GK+XjJEeuTHWli8giY1A==",
      "requires": {
        "font-awesome": ">=4.4.0",
        "jquery": ">=1.11.0"
      }
    },
    "jquery": {
      "version": "3.6.0",
      "resolved": "https://registry.npmjs.org/jquery/-/jquery-3.6.0.tgz",
      "integrity": "sha512-JVzAR/AjBvVt2BmYhxRCSYysDsPcssdmTFnzyLEts9qNwmjmu4JTAMYubEfwVOSwpQ1I1sKKFcxhZCI2buerfw=="
    },
    "rails-ujs": {
      "version": "5.2.8-1",
      "resolved": "https://registry.npmjs.org/rails-ujs/-/rails-ujs-5.2.8-1.tgz",
      "integrity": "sha512-1Xfgv21r3Ira7sgepnvLD546q8hm/uIokK7Ocoi4uLsXkT0HHg8vJaxKfBqbjdb24YeOGBily+jxfcAle7dMWA=="
    }
  }
}
